github.com/gtank/ristretto255 v0.1.0 h1:WQKpyRsq8Yt7dm0oq6Gj18BGku/Zbj/TOIolBYfmbiI=
github.com/gtank/ristretto255 v0.1.0/go.mod h1:Ph5OpO6c7xKUGROZfWVLiJf9icMDwUeIvY4OmlYW69o=
github.com/gtank/ristretto255 v0.1.2 h1:JEqUCPA1NvLq5DwYtuzigd7ss8fwbYay9fi4/5uMzcc=
github.com/gtank/ristretto255 v0.1.2/go.mod h1:Ph5OpO6c7xKUGROZfWVLiJf9icMDwUeIvY4OmlYW69o=
